
Microsoft Visual Studio Solution File, Format Version 12.00
# Visual Studio Version 17
VisualStudioVersion = 17.7.34003.232
MinimumVisualStudioVersion = 10.0.40219.1
Project("{FAE04EC0-301F-11D3-BF4B-00C04F79EFBC}") = "Ejerciciopractico3", "Ejerciciopractico3.csproj", "{75C0859D-D634-4E51-B78D-85760AF35CE2}"
EndProject
Global
	GlobalSection(SolutionConfigurationPlatforms) = preSolution
		Debug|Any CPU = Debug|Any CPU
		Release|Any CPU = Release|Any CPU
	EndGlobalSection
	GlobalSection(ProjectConfigurationPlatforms) = postSolution
		{75C0859D-D634-4E51-B78D-85760AF35CE2}.Debug|Any CPU.ActiveCfg = Debug|Any CPU
		{75C0859D-D634-4E51-B78D-85760AF35CE2}.Debug|Any CPU.Build.0 = Debug|Any CPU
		{75C0859D-D634-4E51-B78D-85760AF35CE2}.Release|Any CPU.ActiveCfg = Release|Any CPU
		{75C0859D-D634-4E51-B78D-85760AF35CE2}.Release|Any CPU.Build.0 = Release|Any CPU
	EndGlobalSection
	GlobalSection(SolutionProperties) = preSolution
		HideSolutionNode = FALSE
	EndGlobalSection
	GlobalSection(ExtensibilityGlobals) = postSolution
		SolutionGuid = {13D3EEF8-EEF8-468B-B1A3-8BA5F9A5DCF5}
	EndGlobalSection
EndGlobal
